
Microsoft Visual Studio Solution File, Format Version 12.00
# Visual Studio Version 17
VisualStudioVersion = 17.5.002.0
MinimumVisualStudioVersion = 10.0.40219.1
Project("{9A19103F-16F7-4668-BE54-9A1E7A4F7556}") = "practiceCh33-", "practiceCh33-.csproj", "{B8325D49-60D1-48EE-BE6C-0E374C770C3E}"
EndProject
Global
	GlobalSection(SolutionConfigurationPlatforms) = preSolution
		Debug|Any CPU = Debug|Any CPU
		Release|Any CPU = Release|Any CPU
	EndGlobalSection
	GlobalSection(ProjectConfigurationPlatforms) = postSolution
		{B8325D49-60D1-48EE-BE6C-0E374C770C3E}.Debug|Any CPU.ActiveCfg = Debug|Any CPU
		{B8325D49-60D1-48EE-BE6C-0E374C770C3E}.Debug|Any CPU.Build.0 = Debug|Any CPU
		{B8325D49-60D1-48EE-BE6C-0E374C770C3E}.Release|Any CPU.ActiveCfg = Release|Any CPU
		{B8325D49-60D1-48EE-BE6C-0E374C770C3E}.Release|Any CPU.Build.0 = Release|Any CPU
	EndGlobalSection
	GlobalSection(SolutionProperties) = preSolution
		HideSolutionNode = FALSE
	EndGlobalSection
	GlobalSection(ExtensibilityGlobals) = postSolution
		SolutionGuid = {FA080785-5DD8-41C7-813E-59A27CAE9D6A}
	EndGlobalSection
EndGlobal
